
Microsoft Visual Studio Solution File, Format Version 12.00
# Visual Studio 2013
VisualStudioVersion = 12.0.30723.0
MinimumVisualStudioVersion = 10.0.40219.1
Project("{FAE04EC0-301F-11D3-BF4B-00C04F79EFBC}") = "Simple Login", "Simple Login\Simple Login.csproj", "{085675C3-0702-4C32-9120-1A622FDE6EB1}"
EndProject
Project("{FAE04EC0-301F-11D3-BF4B-00C04F79EFBC}") = "Simple Login.Tests", "Simple Login.Tests\Simple Login.Tests.csproj", "{3A374D64-5A89-48F6-9CE2-5C46B8C369FD}"
EndProject
Global
	GlobalSection(SolutionConfigurationPlatforms) = preSolution
		Debug|Any CPU = Debug|Any CPU
		Release|Any CPU = Release|Any CPU
	EndGlobalSection
	GlobalSection(ProjectConfigurationPlatforms) = postSolution
		{085675C3-0702-4C32-9120-1A622FDE6EB1}.Debug|Any CPU.ActiveCfg = Debug|Any CPU
		{085675C3-0702-4C32-9120-1A622FDE6EB1}.Debug|Any CPU.Build.0 = Debug|Any CPU
		{085675C3-0702-4C32-9120-1A622FDE6EB1}.Release|Any CPU.ActiveCfg = Release|Any CPU
		{085675C3-0702-4C32-9120-1A622FDE6EB1}.Release|Any CPU.Build.0 = Release|Any CPU
		{3A374D64-5A89-48F6-9CE2-5C46B8C369FD}.Debug|Any CPU.ActiveCfg = Debug|Any CPU
		{3A374D64-5A89-48F6-9CE2-5C46B8C369FD}.Debug|Any CPU.Build.0 = Debug|Any CPU
		{3A374D64-5A89-48F6-9CE2-5C46B8C369FD}.Release|Any CPU.ActiveCfg = Release|Any CPU
		{3A374D64-5A89-48F6-9CE2-5C46B8C369FD}.Release|Any CPU.Build.0 = Release|Any CPU
	EndGlobalSection
	GlobalSection(SolutionProperties) = preSolution
		HideSolutionNode = FALSE
	EndGlobalSection
EndGlobal
