
Microsoft Visual Studio Solution File, Format Version 12.00
# Visual Studio 2013
VisualStudioVersion = 12.0.30723.0
MinimumVisualStudioVersion = 10.0.40219.1
Project("{FAE04EC0-301F-11D3-BF4B-00C04F79EFBC}") = "Custom Filter", "Custom Filter\Custom Filter.csproj", "{F54120AE-64EA-43D4-A008-0BBC5F8BF7CD}"
EndProject
Project("{FAE04EC0-301F-11D3-BF4B-00C04F79EFBC}") = "Custom Filter.Tests", "Custom Filter.Tests\Custom Filter.Tests.csproj", "{1A59DD3C-4187-4826-8FA3-6F62ED83B3CC}"
EndProject
Global
	GlobalSection(SolutionConfigurationPlatforms) = preSolution
		Debug|Any CPU = Debug|Any CPU
		Release|Any CPU = Release|Any CPU
	EndGlobalSection
	GlobalSection(ProjectConfigurationPlatforms) = postSolution
		{F54120AE-64EA-43D4-A008-0BBC5F8BF7CD}.Debug|Any CPU.ActiveCfg = Debug|Any CPU
		{F54120AE-64EA-43D4-A008-0BBC5F8BF7CD}.Debug|Any CPU.Build.0 = Debug|Any CPU
		{F54120AE-64EA-43D4-A008-0BBC5F8BF7CD}.Release|Any CPU.ActiveCfg = Release|Any CPU
		{F54120AE-64EA-43D4-A008-0BBC5F8BF7CD}.Release|Any CPU.Build.0 = Release|Any CPU
		{1A59DD3C-4187-4826-8FA3-6F62ED83B3CC}.Debug|Any CPU.ActiveCfg = Debug|Any CPU
		{1A59DD3C-4187-4826-8FA3-6F62ED83B3CC}.Debug|Any CPU.Build.0 = Debug|Any CPU
		{1A59DD3C-4187-4826-8FA3-6F62ED83B3CC}.Release|Any CPU.ActiveCfg = Release|Any CPU
		{1A59DD3C-4187-4826-8FA3-6F62ED83B3CC}.Release|Any CPU.Build.0 = Release|Any CPU
	EndGlobalSection
	GlobalSection(SolutionProperties) = preSolution
		HideSolutionNode = FALSE
	EndGlobalSection
EndGlobal
