
Microsoft Visual Studio Solution File, Format Version 12.00
# Visual Studio 2013
VisualStudioVersion = 12.0.30723.0
MinimumVisualStudioVersion = 10.0.40219.1
Project("{FAE04EC0-301F-11D3-BF4B-00C04F79EFBC}") = "Webapi Basic", "Webapi Basic\Webapi Basic.csproj", "{CE64045E-2CCF-4519-B059-9B1298BCA1E4}"
EndProject
Project("{FAE04EC0-301F-11D3-BF4B-00C04F79EFBC}") = "Webapi Basic.Tests", "Webapi Basic.Tests\Webapi Basic.Tests.csproj", "{C225544A-7FCE-41C0-A0CC-F581464C81C6}"
EndProject
Global
	GlobalSection(SolutionConfigurationPlatforms) = preSolution
		Debug|Any CPU = Debug|Any CPU
		Release|Any CPU = Release|Any CPU
	EndGlobalSection
	GlobalSection(ProjectConfigurationPlatforms) = postSolution
		{CE64045E-2CCF-4519-B059-9B1298BCA1E4}.Debug|Any CPU.ActiveCfg = Debug|Any CPU
		{CE64045E-2CCF-4519-B059-9B1298BCA1E4}.Debug|Any CPU.Build.0 = Debug|Any CPU
		{CE64045E-2CCF-4519-B059-9B1298BCA1E4}.Release|Any CPU.ActiveCfg = Release|Any CPU
		{CE64045E-2CCF-4519-B059-9B1298BCA1E4}.Release|Any CPU.Build.0 = Release|Any CPU
		{C225544A-7FCE-41C0-A0CC-F581464C81C6}.Debug|Any CPU.ActiveCfg = Debug|Any CPU
		{C225544A-7FCE-41C0-A0CC-F581464C81C6}.Debug|Any CPU.Build.0 = Debug|Any CPU
		{C225544A-7FCE-41C0-A0CC-F581464C81C6}.Release|Any CPU.ActiveCfg = Release|Any CPU
		{C225544A-7FCE-41C0-A0CC-F581464C81C6}.Release|Any CPU.Build.0 = Release|Any CPU
	EndGlobalSection
	GlobalSection(SolutionProperties) = preSolution
		HideSolutionNode = FALSE
	EndGlobalSection
EndGlobal
